
Microsoft Visual Studio Solution File, Format Version 12.00
# Visual Studio Version 17
VisualStudioVersion = 17.13.35825.156 d17.13
MinimumVisualStudioVersion = 10.0.40219.1
Project("{FAE04EC0-301F-11D3-BF4B-00C04F79EFBC}") = "hello world", "hello world\hello world.csproj", "{103C1C90-8E48-400E-972D-EB0350B8C132}"
EndProject
Global
	GlobalSection(SolutionConfigurationPlatforms) = preSolution
		Debug|Any CPU = Debug|Any CPU
		Release|Any CPU = Release|Any CPU
	EndGlobalSection
	GlobalSection(ProjectConfigurationPlatforms) = postSolution
		{103C1C90-8E48-400E-972D-EB0350B8C132}.Debug|Any CPU.ActiveCfg = Debug|Any CPU
		{103C1C90-8E48-400E-972D-EB0350B8C132}.Debug|Any CPU.Build.0 = Debug|Any CPU
		{103C1C90-8E48-400E-972D-EB0350B8C132}.Release|Any CPU.ActiveCfg = Release|Any CPU
		{103C1C90-8E48-400E-972D-EB0350B8C132}.Release|Any CPU.Build.0 = Release|Any CPU
	EndGlobalSection
	GlobalSection(SolutionProperties) = preSolution
		HideSolutionNode = FALSE
	EndGlobalSection
	GlobalSection(ExtensibilityGlobals) = postSolution
		SolutionGuid = {8E5D1D4B-F2AE-4A33-8839-425FD999FF9B}
	EndGlobalSection
EndGlobal
